
Microsoft Visual Studio Solution File, Format Version 12.00
# Visual Studio Version 17
VisualStudioVersion = 17.3.32901.215
MinimumVisualStudioVersion = 10.0.40219.1
Project("{9A19103F-16F7-4668-BE54-9A1E7A4F7556}") = "BMI", "BMI.csproj", "{9A0FD98E-7E0B-4207-951D-F3E6E0F040A5}"
EndProject
Project("{9A19103F-16F7-4668-BE54-9A1E7A4F7556}") = "BMI.GUI", "..\BMI.GUI\BMI.GUI.csproj", "{9016F02E-CA18-4318-B0BF-7A396DA807D5}"
EndProject
Project("{9A19103F-16F7-4668-BE54-9A1E7A4F7556}") = "BMI.Tests", "..\BMI.Tests\BMI.Tests.csproj", "{7E9EA80B-18D0-48F6-9D81-8DFC7D3FD44E}"
EndProject
Global
	GlobalSection(SolutionConfigurationPlatforms) = preSolution
		Debug|Any CPU = Debug|Any CPU
		Release|Any CPU = Release|Any CPU
	EndGlobalSection
	GlobalSection(ProjectConfigurationPlatforms) = postSolution
		{9A0FD98E-7E0B-4207-951D-F3E6E0F040A5}.Debug|Any CPU.ActiveCfg = Debug|Any CPU
		{9A0FD98E-7E0B-4207-951D-F3E6E0F040A5}.Debug|Any CPU.Build.0 = Debug|Any CPU
		{9A0FD98E-7E0B-4207-951D-F3E6E0F040A5}.Release|Any CPU.ActiveCfg = Release|Any CPU
		{9A0FD98E-7E0B-4207-951D-F3E6E0F040A5}.Release|Any CPU.Build.0 = Release|Any CPU
		{9016F02E-CA18-4318-B0BF-7A396DA807D5}.Debug|Any CPU.ActiveCfg = Debug|Any CPU
		{9016F02E-CA18-4318-B0BF-7A396DA807D5}.Debug|Any CPU.Build.0 = Debug|Any CPU
		{9016F02E-CA18-4318-B0BF-7A396DA807D5}.Release|Any CPU.ActiveCfg = Release|Any CPU
		{9016F02E-CA18-4318-B0BF-7A396DA807D5}.Release|Any CPU.Build.0 = Release|Any CPU
		{7E9EA80B-18D0-48F6-9D81-8DFC7D3FD44E}.Debug|Any CPU.ActiveCfg = Debug|Any CPU
		{7E9EA80B-18D0-48F6-9D81-8DFC7D3FD44E}.Debug|Any CPU.Build.0 = Debug|Any CPU
		{7E9EA80B-18D0-48F6-9D81-8DFC7D3FD44E}.Release|Any CPU.ActiveCfg = Release|Any CPU
		{7E9EA80B-18D0-48F6-9D81-8DFC7D3FD44E}.Release|Any CPU.Build.0 = Release|Any CPU
	EndGlobalSection
	GlobalSection(SolutionProperties) = preSolution
		HideSolutionNode = FALSE
	EndGlobalSection
	GlobalSection(ExtensibilityGlobals) = postSolution
		SolutionGuid = {CEFD8191-5C7B-460F-911F-5E0B8FE1DB1B}
	EndGlobalSection
EndGlobal
